
Microsoft Visual Studio Solution File, Format Version 12.00
# Visual Studio Version 17
VisualStudioVersion = 17.8.34511.84
MinimumVisualStudioVersion = 10.0.40219.1
Project("{FAE04EC0-301F-11D3-BF4B-00C04F79EFBC}") = "MoneyTransfer", "MoneyTransfer.csproj", "{E80AC7AD-4E3D-4447-917A-ED7C14D926ED}"
EndProject
Global
	GlobalSection(SolutionConfigurationPlatforms) = preSolution
		Debug|Any CPU = Debug|Any CPU
		Release|Any CPU = Release|Any CPU
	EndGlobalSection
	GlobalSection(ProjectConfigurationPlatforms) = postSolution
		{E80AC7AD-4E3D-4447-917A-ED7C14D926ED}.Debug|Any CPU.ActiveCfg = Debug|Any CPU
		{E80AC7AD-4E3D-4447-917A-ED7C14D926ED}.Debug|Any CPU.Build.0 = Debug|Any CPU
		{E80AC7AD-4E3D-4447-917A-ED7C14D926ED}.Release|Any CPU.ActiveCfg = Release|Any CPU
		{E80AC7AD-4E3D-4447-917A-ED7C14D926ED}.Release|Any CPU.Build.0 = Release|Any CPU
	EndGlobalSection
	GlobalSection(SolutionProperties) = preSolution
		HideSolutionNode = FALSE
	EndGlobalSection
	GlobalSection(ExtensibilityGlobals) = postSolution
		SolutionGuid = {BBE20DFE-BF8A-4E5E-9C7C-1A017C3C79A4}
	EndGlobalSection
EndGlobal
